// !$*UTF8*$!
{
	archiveVersion = 1;
	classes = {
	};
	objectVersion = 46;
	objects = {

/* Begin PBXBuildFile section */
		9D10BC66182B0313008C8D1C /* AppIcon29x29.png in Resources */ = {isa = PBXBuildFile; fileRef = 9D10BC60182B0313008C8D1C /* AppIcon29x29.png */; };
		9D10BC67182B0313008C8D1C /* AppIcon29x29@2x.png in Resources */ = {isa = PBXBuildFile; fileRef = 9D10BC61182B0313008C8D1C /* AppIcon29x29@2x.png */; };
		9D10BC68182B0313008C8D1C /* AppIcon40x40.png in Resources */ = {isa = PBXBuildFile; fileRef = 9D10BC62182B0313008C8D1C /* AppIcon40x40.png */; };
		9D10BC69182B0313008C8D1C /* AppIcon40x40@2x.png in Resources */ = {isa = PBXBuildFile; fileRef = 9D10BC63182B0313008C8D1C /* AppIcon40x40@2x.png */; };
		9D10BC6A182B0313008C8D1C /* AppIcon60x60.png in Resources */ = {isa = PBXBuildFile; fileRef = 9D10BC64182B0313008C8D1C /* AppIcon60x60.png */; };
		9D10BC6B182B0313008C8D1C /* AppIcon60x60@2x.png in Resources */ = {isa = PBXBuildFile; fileRef = 9D10BC65182B0313008C8D1C /* AppIcon60x60@2x.png */; };
		9D2E49C21884991F00D9871F /* logo_white@2x.png in Resources */ = {isa = PBXBuildFile; fileRef = 9D2E49C11884991F00D9871F /* logo_white@2x.png */; };
		9D48363818B426E400796217 /* HomeViewController.m in Sources */ = {isa = PBXBuildFile; fileRef = 9D48363718B426E400796217 /* HomeViewController.m */; };
		9D48363B18B427F600796217 /* ViewerViewController.m in Sources */ = {isa = PBXBuildFile; fileRef = 9D48363A18B427F600796217 /* ViewerViewController.m */; };
		9D48364118B577D700796217 /* saving-icon.png in Resources */ = {isa = PBXBuildFile; fileRef = 9D48363F18B577D700796217 /* saving-icon.png */; };
		9D48364218B577D700796217 /* saving-icon@2x.png in Resources */ = {isa = PBXBuildFile; fileRef = 9D48364018B577D700796217 /* saving-icon@2x.png */; };
		9D48365D18B5781700796217 /* PODCalibrateViewController.m in Sources */ = {isa = PBXBuildFile; fileRef = 9D48365118B5781700796217 /* PODCalibrateViewController.m */; };
		9D48365E18B5781700796217 /* PODCalibrateViewController.xib in Resources */ = {isa = PBXBuildFile; fileRef = 9D48365218B5781700796217 /* PODCalibrateViewController.xib */; };
		9D48365F18B5781700796217 /* PODCameraSettings.m in Sources */ = {isa = PBXBuildFile; fileRef = 9D48365418B5781700796217 /* PODCameraSettings.m */; };
		9D48366218B5781700796217 /* PODDeviceSettings.m in Sources */ = {isa = PBXBuildFile; fileRef = 9D48365918B5781700796217 /* PODDeviceSettings.m */; };
		9D48366318B5781700796217 /* PODFilterChainSettings.m in Sources */ = {isa = PBXBuildFile; fileRef = 9D48365B18B5781700796217 /* PODFilterChainSettings.m */; };
		9D48368718B578A800796217 /* RBVolumeButtons.m in Sources */ = {isa = PBXBuildFile; fileRef = 9D48366718B578A800796217 /* RBVolumeButtons.m */; };
		9D48368818B578A800796217 /* AVCaptureDeviceFormat+TCMAVCaptureDeviceFormatAdditions.m in Sources */ = {isa = PBXBuildFile; fileRef = 9D48366A18B578A800796217 /* AVCaptureDeviceFormat+TCMAVCaptureDeviceFormatAdditions.m */; };
		9D48368918B578A800796217 /* NSOperationQueue+TCMAdditions.m in Sources */ = {isa = PBXBuildFile; fileRef = 9D48366C18B578A800796217 /* NSOperationQueue+TCMAdditions.m */; };
		9D48368A18B578A800796217 /* TCMCALayerAdditions.m in Sources */ = {isa = PBXBuildFile; fileRef = 9D48366E18B578A800796217 /* TCMCALayerAdditions.m */; };
		9D48368B18B578A800796217 /* TCMCGGeometryAdditions.m in Sources */ = {isa = PBXBuildFile; fileRef = 9D48367018B578A800796217 /* TCMCGGeometryAdditions.m */; };
		9D48368C18B578A800796217 /* PODAssetsManager.m in Sources */ = {isa = PBXBuildFile; fileRef = 9D48367218B578A800796217 /* PODAssetsManager.m */; };
		9D48368D18B578A800796217 /* PODCaptureControlsView.m in Sources */ = {isa = PBXBuildFile; fileRef = 9D48367418B578A800796217 /* PODCaptureControlsView.m */; };
		9D48368E18B578A800796217 /* PODDeviceSettingsManager.m in Sources */ = {isa = PBXBuildFile; fileRef = 9D48367618B578A800796217 /* PODDeviceSettingsManager.m */; };
		9D48368F18B578A800796217 /* PODFilterFactory.m in Sources */ = {isa = PBXBuildFile; fileRef = 9D48367818B578A800796217 /* PODFilterFactory.m */; };
		9D48369218B578A800796217 /* PODRecordViewController.m in Sources */ = {isa = PBXBuildFile; fileRef = 9D48367D18B578A800796217 /* PODRecordViewController.m */; };
		9D48369318B578A800796217 /* PODRecordViewController.xib in Resources */ = {isa = PBXBuildFile; fileRef = 9D48367E18B578A800796217 /* PODRecordViewController.xib */; };
		9D48369818B578A800796217 /* TCMCaptureManager.m in Sources */ = {isa = PBXBuildFile; fileRef = 9D48368618B578A800796217 /* TCMCaptureManager.m */; };
		9D48369C18B5807A00796217 /* DeviceSettings in Resources */ = {isa = PBXBuildFile; fileRef = 9D48369B18B5807A00796217 /* DeviceSettings */; };
		9D55929E18CA4B3A003CE539 /* PortraitGalleryViewController.m in Sources */ = {isa = PBXBuildFile; fileRef = 9D55929C18CA4B3A003CE539 /* PortraitGalleryViewController.m */; };
		9D55929F18CA4B3A003CE539 /* PortraitGalleryViewController.xib in Resources */ = {isa = PBXBuildFile; fileRef = 9D55929D18CA4B3A003CE539 /* PortraitGalleryViewController.xib */; };
		9D5592A418CA9D38003CE539 /* libFlurry_4.3.2.a in Frameworks */ = {isa = PBXBuildFile; fileRef = 9D5592A318CA9D38003CE539 /* libFlurry_4.3.2.a */; };
		9D5EDE4617FB4386008EB372 /* Foundation.framework in Frameworks */ = {isa = PBXBuildFile; fileRef = 9D5EDE4517FB4386008EB372 /* Foundation.framework */; };
		9D5EDE4817FB4386008EB372 /* CoreGraphics.framework in Frameworks */ = {isa = PBXBuildFile; fileRef = 9D5EDE4717FB4386008EB372 /* CoreGraphics.framework */; };
		9D5EDE4A17FB4386008EB372 /* UIKit.framework in Frameworks */ = {isa = PBXBuildFile; fileRef = 9D5EDE4917FB4386008EB372 /* UIKit.framework */; };
		9D5EDE5017FB4386008EB372 /* InfoPlist.strings in Resources */ = {isa = PBXBuildFile; fileRef = 9D5EDE4E17FB4386008EB372 /* InfoPlist.strings */; };
		9D5EDE5217FB4386008EB372 /* main.m in Sources */ = {isa = PBXBuildFile; fileRef = 9D5EDE5117FB4386008EB372 /* main.m */; };
		9D5EDE5617FB4386008EB372 /* AppDelegate.m in Sources */ = {isa = PBXBuildFile; fileRef = 9D5EDE5517FB4386008EB372 /* AppDelegate.m */; };
		9D5EDE5817FB4386008EB372 /* Images.xcassets in Resources */ = {isa = PBXBuildFile; fileRef = 9D5EDE5717FB4386008EB372 /* Images.xcassets */; };
		9D5EDE5F17FB4386008EB372 /* XCTest.framework in Frameworks */ = {isa = PBXBuildFile; fileRef = 9D5EDE5E17FB4386008EB372 /* XCTest.framework */; };
		9D5EDE6017FB4386008EB372 /* Foundation.framework in Frameworks */ = {isa = PBXBuildFile; fileRef = 9D5EDE4517FB4386008EB372 /* Foundation.framework */; };
		9D5EDE6117FB4386008EB372 /* UIKit.framework in Frameworks */ = {isa = PBXBuildFile; fileRef = 9D5EDE4917FB4386008EB372 /* UIKit.framework */; };
		9D5EDE6917FB4386008EB372 /* InfoPlist.strings in Resources */ = {isa = PBXBuildFile; fileRef = 9D5EDE6717FB4386008EB372 /* InfoPlist.strings */; };
		9D5EDE6B17FB4386008EB372 /* PoppyAppTests.m in Sources */ = {isa = PBXBuildFile; fileRef = 9D5EDE6A17FB4386008EB372 /* PoppyAppTests.m */; };
		9D5EDE7517FB443E008EB372 /* AssetsLibrary.framework in Frameworks */ = {isa = PBXBuildFile; fileRef = 9D5EDE7417FB443E008EB372 /* AssetsLibrary.framework */; };
		9D5EDE7717FB444B008EB372 /* OpenGLES.framework in Frameworks */ = {isa = PBXBuildFile; fileRef = 9D5EDE7617FB444B008EB372 /* OpenGLES.framework */; };
		9D5EDE7917FB445C008EB372 /* QuartzCore.framework in Frameworks */ = {isa = PBXBuildFile; fileRef = 9D5EDE7817FB445C008EB372 /* QuartzCore.framework */; };
		9D5EDE7B17FB4465008EB372 /* CoreMedia.framework in Frameworks */ = {isa = PBXBuildFile; fileRef = 9D5EDE7A17FB4465008EB372 /* CoreMedia.framework */; };
		9D5EDE7D17FB4471008EB372 /* CoreVideo.framework in Frameworks */ = {isa = PBXBuildFile; fileRef = 9D5EDE7C17FB4471008EB372 /* CoreVideo.framework */; };
		9D5EDE7F17FB4479008EB372 /* AVFoundation.framework in Frameworks */ = {isa = PBXBuildFile; fileRef = 9D5EDE7E17FB4479008EB372 /* AVFoundation.framework */; };
		9D5EE03E17FB6572008EB372 /* LiveView.xib in Resources */ = {isa = PBXBuildFile; fileRef = 9D5EE03D17FB6572008EB372 /* LiveView.xib */; };
		9D62B8AA1893223500203FE9 /* backgroundP@2x.png in Resources */ = {isa = PBXBuildFile; fileRef = 9D62B8A91893223500203FE9 /* backgroundP@2x.png */; };
		9D761EE118242A94005412AC /* record@2x.png in Resources */ = {isa = PBXBuildFile; fileRef = 9D761EE018242A94005412AC /* record@2x.png */; };
		9D761EE318245A24005412AC /* MediaPlayer.framework in Frameworks */ = {isa = PBXBuildFile; fileRef = 9D761EE218245A24005412AC /* MediaPlayer.framework */; };
		9D761EE518245B50005412AC /* AudioToolbox.framework in Frameworks */ = {isa = PBXBuildFile; fileRef = 9D761EE418245B50005412AC /* AudioToolbox.framework */; };
		9D8FC077184D5107007D0D53 /* AppIcon57x57@2x.png in Resources */ = {isa = PBXBuildFile; fileRef = 9D8FC076184D5107007D0D53 /* AppIcon57x57@2x.png */; };
		9D8FC07B184D53C8007D0D53 /* AppIcon57x57.png in Resources */ = {isa = PBXBuildFile; fileRef = 9D8FC07A184D53C8007D0D53 /* AppIcon57x57.png */; };
		9D99EF22187744BC002D9B14 /* GalleryViewController.m in Sources */ = {isa = PBXBuildFile; fileRef = 9D99EF21187744BC002D9B14 /* GalleryViewController.m */; };
		9D99EF2618777AD2002D9B14 /* listArrow@2x.png in Resources */ = {isa = PBXBuildFile; fileRef = 9D99EF2518777AD2002D9B14 /* listArrow@2x.png */; };
		9DAB3CDD18B673CB00EDFB98 /* GLKit.framework in Frameworks */ = {isa = PBXBuildFile; fileRef = 9DAB3CDC18B673CB00EDFB98 /* GLKit.framework */; };
		9DAB3CE118B673DA00EDFB98 /* CoreLocation.framework in Frameworks */ = {isa = PBXBuildFile; fileRef = 9DAB3CE018B673DA00EDFB98 /* CoreLocation.framework */; };
		9DAB3CE318B673E900EDFB98 /* CoreMotion.framework in Frameworks */ = {isa = PBXBuildFile; fileRef = 9DAB3CE218B673E900EDFB98 /* CoreMotion.framework */; };
		9DAB3CF918BD5B2900EDFB98 /* UpgradeViewController.xib in Resources */ = {isa = PBXBuildFile; fileRef = 9DAB3CF818BD5B2900EDFB98 /* UpgradeViewController.xib */; };
		9DAB3CFD18BD702E00EDFB98 /* PortraitViewerViewController.m in Sources */ = {isa = PBXBuildFile; fileRef = 9DAB3CFB18BD702E00EDFB98 /* PortraitViewerViewController.m */; };
		9DAB3CFE18BD702E00EDFB98 /* PortraitViewerViewController.xib in Resources */ = {isa = PBXBuildFile; fileRef = 9DAB3CFC18BD702E00EDFB98 /* PortraitViewerViewController.xib */; };
		9DAB3D0218BD7E7600EDFB98 /* WiggleViewController.m in Sources */ = {isa = PBXBuildFile; fileRef = 9DAB3D0018BD7E7600EDFB98 /* WiggleViewController.m */; };
		9DAB3D0318BD7E7600EDFB98 /* WiggleViewController.xib in Resources */ = {isa = PBXBuildFile; fileRef = 9DAB3D0118BD7E7600EDFB98 /* WiggleViewController.xib */; };
		9DAB3D0B18BEA46800EDFB98 /* UIImage+Resize.m in Sources */ = {isa = PBXBuildFile; fileRef = 9DAB3D0A18BEA46800EDFB98 /* UIImage+Resize.m */; };
		9DD59E3A18BFC1230097E23B /* camera-toggle@2x.png in Resources */ = {isa = PBXBuildFile; fileRef = 9DD59E3818BFC1230097E23B /* camera-toggle@2x.png */; };
		9DD59E3B18BFC1230097E23B /* video-toggle@2x.png in Resources */ = {isa = PBXBuildFile; fileRef = 9DD59E3918BFC1230097E23B /* video-toggle@2x.png */; };
		9DD59E3D18BFF3A60097E23B /* sharing@2x.png in Resources */ = {isa = PBXBuildFile; fileRef = 9DD59E3C18BFF3A60097E23B /* sharing@2x.png */; };
		9DE576E7184FE5930048A6D6 /* focus@2x.png in Resources */ = {isa = PBXBuildFile; fileRef = 9DE576E6184FE5930048A6D6 /* focus@2x.png */; };
		9DE576EF18510EF20048A6D6 /* Settings.bundle in Resources */ = {isa = PBXBuildFile; fileRef = 9DE576EE18510EF20048A6D6 /* Settings.bundle */; };
		9DE576F81853DCEB0048A6D6 /* arrow-left@2x.png in Resources */ = {isa = PBXBuildFile; fileRef = 9DE576F61853DCEB0048A6D6 /* arrow-left@2x.png */; };
		9DE576F91853DCEB0048A6D6 /* arrow-right@2x.png in Resources */ = {isa = PBXBuildFile; fileRef = 9DE576F71853DCEB0048A6D6 /* arrow-right@2x.png */; };
		9DE576FC1853F13A0048A6D6 /* WelcomeViewController.m in Sources */ = {isa = PBXBuildFile; fileRef = 9DE576FB1853F13A0048A6D6 /* WelcomeViewController.m */; };
		9DE57700185667DC0048A6D6 /* logo@2x.png in Resources */ = {isa = PBXBuildFile; fileRef = 9DE576FF185667DC0048A6D6 /* logo@2x.png */; };
		9DE5770218566D2C0048A6D6 /* adapter@2x.png in Resources */ = {isa = PBXBuildFile; fileRef = 9DE5770118566D2C0048A6D6 /* adapter@2x.png */; };
		9DE57704185672AB0048A6D6 /* twist@2x.png in Resources */ = {isa = PBXBuildFile; fileRef = 9DE57703185672AB0048A6D6 /* twist@2x.png */; };
		9DE57706185679140048A6D6 /* thumbs@2x.png in Resources */ = {isa = PBXBuildFile; fileRef = 9DE57705185679140048A6D6 /* thumbs@2x.png */; };
		9DE5770A185681A20048A6D6 /* screencontrols@2x.png in Resources */ = {isa = PBXBuildFile; fileRef = 9DE57709185681A20048A6D6 /* screencontrols@2x.png */; };
		9DE5770C185786B70048A6D6 /* screencontrolscamera@2x.png in Resources */ = {isa = PBXBuildFile; fileRef = 9DE5770B185786B70048A6D6 /* screencontrolscamera@2x.png */; };
		9DE57712185EB2F50048A6D6 /* gallery@2x.png in Resources */ = {isa = PBXBuildFile; fileRef = 9DE57711185EB2F50048A6D6 /* gallery@2x.png */; };
		9DF96D4B1884F2E500EB6B7B /* flicktweet@2x.png in Resources */ = {isa = PBXBuildFile; fileRef = 9DF96D4A1884F2E500EB6B7B /* flicktweet@2x.png */; };
		9DF96D4F1884F5B300EB6B7B /* favorite@2x.png in Resources */ = {isa = PBXBuildFile; fileRef = 9DF96D4E1884F5B300EB6B7B /* favorite@2x.png */; };
		9DF96D541885DDA100EB6B7B /* home@2x.png in Resources */ = {isa = PBXBuildFile; fileRef = 9DF96D531885DDA100EB6B7B /* home@2x.png */; };
		9DF96D58188724E700EB6B7B /* delete@2x.png in Resources */ = {isa = PBXBuildFile; fileRef = 9DF96D57188724E700EB6B7B /* delete@2x.png */; };
		9DF96D5E1887B6C900EB6B7B /* is_favorite@2x.png in Resources */ = {isa = PBXBuildFile; fileRef = 9DF96D5D1887B6C900EB6B7B /* is_favorite@2x.png */; };
		9DF96D601888A66000EB6B7B /* cog@2x.png in Resources */ = {isa = PBXBuildFile; fileRef = 9DF96D5F1888A66000EB6B7B /* cog@2x.png */; };
		9DF96D621888A87600EB6B7B /* question@2x.png in Resources */ = {isa = PBXBuildFile; fileRef = 9DF96D611888A87600EB6B7B /* question@2x.png */; };
		9DF96D651888A8B000EB6B7B /* twitter@2x.png in Resources */ = {isa = PBXBuildFile; fileRef = 9DF96D631888A8B000EB6B7B /* twitter@2x.png */; };
		9DF96D6B1888B81A00EB6B7B /* SystemConfiguration.framework in Frameworks */ = {isa = PBXBuildFile; fileRef = 9DF96D6A1888B81A00EB6B7B /* SystemConfiguration.framework */; };
		9DF96D6D1888B82800EB6B7B /* Security.framework in Frameworks */ = {isa = PBXBuildFile; fileRef = 9DF96D6C1888B82800EB6B7B /* Security.framework */; };
		9DF96D6F1888BA6600EB6B7B /* video@2x.png in Resources */ = {isa = PBXBuildFile; fileRef = 9DF96D6E1888BA6600EB6B7B /* video@2x.png */; };
		9DF96D751889EDA400EB6B7B /* flag@2x.png in Resources */ = {isa = PBXBuildFile; fileRef = 9DF96D731889EDA400EB6B7B /* flag@2x.png */; };
		9DF96D761889EDA400EB6B7B /* trash@2x.png in Resources */ = {isa = PBXBuildFile; fileRef = 9DF96D741889EDA400EB6B7B /* trash@2x.png */; };
		9DF96D7C188A0FFD00EB6B7B /* shutter_recording@2x.png in Resources */ = {isa = PBXBuildFile; fileRef = 9DF96D7A188A0FFD00EB6B7B /* shutter_recording@2x.png */; };
		9DF96D7F188A10DA00EB6B7B /* shutter_video@2x.png in Resources */ = {isa = PBXBuildFile; fileRef = 9DF96D7E188A10DA00EB6B7B /* shutter_video@2x.png */; };
		9DF96D86188F127700EB6B7B /* background@2x.png in Resources */ = {isa = PBXBuildFile; fileRef = 9DF96D85188F127700EB6B7B /* background@2x.png */; };
		9DF96D88188F130F00EB6B7B /* flickr@2x.png in Resources */ = {isa = PBXBuildFile; fileRef = 9DF96D87188F130F00EB6B7B /* flickr@2x.png */; };
		9DF96D8A188F37CE00EB6B7B /* bullet@2x.png in Resources */ = {isa = PBXBuildFile; fileRef = 9DF96D89188F37CE00EB6B7B /* bullet@2x.png */; };
		9DF96D8D188F4CF600EB6B7B /* UpgradeViewController.m in Sources */ = {isa = PBXBuildFile; fileRef = 9DF96D8C188F4CF600EB6B7B /* UpgradeViewController.m */; };
		9DFA62F9182AE68400F1B262 /* Default.png in Resources */ = {isa = PBXBuildFile; fileRef = 9DFA62F7182AE68400F1B262 /* Default.png */; };
		9DFA62FA182AE68400F1B262 /* Default@2x.png in Resources */ = {isa = PBXBuildFile; fileRef = 9DFA62F8182AE68400F1B262 /* Default@2x.png */; };
		9DFA6301182AECB400F1B262 /* Icon-Small.png in Resources */ = {isa = PBXBuildFile; fileRef = 9DFA62FD182AECB400F1B262 /* Icon-Small.png */; };
		9DFA6302182AECB400F1B262 /* Icon-Small@2x.png in Resources */ = {isa = PBXBuildFile; fileRef = 9DFA62FE182AECB400F1B262 /* Icon-Small@2x.png */; };
		9DFA6303182AECB400F1B262 /* Icon.png in Resources */ = {isa = PBXBuildFile; fileRef = 9DFA62FF182AECB400F1B262 /* Icon.png */; };
		9DFA6304182AECB400F1B262 /* Icon@2x.png in Resources */ = {isa = PBXBuildFile; fileRef = 9DFA6300182AECB400F1B262 /* Icon@2x.png */; };
		9DFCB1531828764400332D7C /* camera@2x.png in Resources */ = {isa = PBXBuildFile; fileRef = 9DFCB1521828764400332D7C /* camera@2x.png */; };
		9DFCB15B18297DB000332D7C /* beep.wav in Resources */ = {isa = PBXBuildFile; fileRef = 9DFCB15A18297DB000332D7C /* beep.wav */; };
		9DFCB15E182983FC00332D7C /* shutterPressed@2x.png in Resources */ = {isa = PBXBuildFile; fileRef = 9DFCB15C182983FC00332D7C /* shutterPressed@2x.png */; };
		9DFCB15F182983FC00332D7C /* shutter@2x.png in Resources */ = {isa = PBXBuildFile; fileRef = 9DFCB15D182983FC00332D7C /* shutter@2x.png */; };
		9DFCB1611829C68200332D7C /* play@2x.png in Resources */ = {isa = PBXBuildFile; fileRef = 9DFCB1601829C68200332D7C /* play@2x.png */; };
		9DFCB163182ACA4300332D7C /* Default-568h@2x.png in Resources */ = {isa = PBXBuildFile; fileRef = 9DFCB162182ACA4300332D7C /* Default-568h@2x.png */; };
/* End PBXBuildFile section */

/* Begin PBXContainerItemProxy section */
		9D5EDE6217FB4386008EB372 /* PBXContainerItemProxy */ = {
			isa = PBXContainerItemProxy;
			containerPortal = 9D5EDE3A17FB4386008EB372 /* Project object */;
			proxyType = 1;
			remoteGlobalIDString = 9D5EDE4117FB4386008EB372;
			remoteInfo = PoppyApp;
		};
/* End PBXContainerItemProxy section */

/* Begin PBXFileReference section */
		9D10BC60182B0313008C8D1C /* AppIcon29x29.png */ = {isa = PBXFileReference; lastKnownFileType = image.png; path = AppIcon29x29.png; sourceTree = "<group>"; };
		9D10BC61182B0313008C8D1C /* AppIcon29x29@2x.png */ = {isa = PBXFileReference; lastKnownFileType = image.png; path = "AppIcon29x29@2x.png"; sourceTree = "<group>"; };
		9D10BC62182B0313008C8D1C /* AppIcon40x40.png */ = {isa = PBXFileReference; lastKnownFileType = image.png; path = AppIcon40x40.png; sourceTree = "<group>"; };
		9D10BC63182B0313008C8D1C /* AppIcon40x40@2x.png */ = {isa = PBXFileReference; lastKnownFileType = image.png; path = "AppIcon40x40@2x.png"; sourceTree = "<group>"; };
		9D10BC64182B0313008C8D1C /* AppIcon60x60.png */ = {isa = PBXFileReference; lastKnownFileType = image.png; path = AppIcon60x60.png; sourceTree = "<group>"; };
		9D10BC65182B0313008C8D1C /* AppIcon60x60@2x.png */ = {isa = PBXFileReference; lastKnownFileType = image.png; path = "AppIcon60x60@2x.png"; sourceTree = "<group>"; };
		9D2E49C11884991F00D9871F /* logo_white@2x.png */ = {isa = PBXFileReference; lastKnownFileType = image.png; path = "logo_white@2x.png"; sourceTree = "<group>"; };
		9D48363618B426E400796217 /* HomeViewController.h */ = {isa = PBXFileReference; fileEncoding = 4; lastKnownFileType = sourcecode.c.h; path = HomeViewController.h; sourceTree = "<group>"; };
		9D48363718B426E400796217 /* HomeViewController.m */ = {isa = PBXFileReference; fileEncoding = 4; lastKnownFileType = sourcecode.c.objc; path = HomeViewController.m; sourceTree = "<group>"; };
		9D48363918B427F600796217 /* ViewerViewController.h */ = {isa = PBXFileReference; fileEncoding = 4; lastKnownFileType = sourcecode.c.h; path = ViewerViewController.h; sourceTree = "<group>"; };
		9D48363A18B427F600796217 /* ViewerViewController.m */ = {isa = PBXFileReference; fileEncoding = 4; lastKnownFileType = sourcecode.c.objc; path = ViewerViewController.m; sourceTree = "<group>"; };
		9D48363F18B577D700796217 /* saving-icon.png */ = {isa = PBXFileReference; lastKnownFileType = image.png; path = "saving-icon.png"; sourceTree = "<group>"; };
		9D48364018B577D700796217 /* saving-icon@2x.png */ = {isa = PBXFileReference; lastKnownFileType = image.png; path = "saving-icon@2x.png"; sourceTree = "<group>"; };
		9D48365018B5781700796217 /* PODCalibrateViewController.h */ = {isa = PBXFileReference; fileEncoding = 4; lastKnownFileType = sourcecode.c.h; lineEnding = 0; path = PODCalibrateViewController.h; sourceTree = "<group>"; xcLanguageSpecificationIdentifier = xcode.lang.objcpp; };
		9D48365118B5781700796217 /* PODCalibrateViewController.m */ = {isa = PBXFileReference; fileEncoding = 4; lastKnownFileType = sourcecode.c.objc; lineEnding = 0; path = PODCalibrateViewController.m; sourceTree = "<group>"; xcLanguageSpecificationIdentifier = xcode.lang.objc; };
		9D48365218B5781700796217 /* PODCalibrateViewController.xib */ = {isa = PBXFileReference; fileEncoding = 4; lastKnownFileType = file.xib; path = PODCalibrateViewController.xib; sourceTree = "<group>"; };
		9D48365318B5781700796217 /* PODCameraSettings.h */ = {isa = PBXFileReference; fileEncoding = 4; lastKnownFileType = sourcecode.c.h; lineEnding = 0; path = PODCameraSettings.h; sourceTree = "<group>"; xcLanguageSpecificationIdentifier = xcode.lang.objcpp; };
		9D48365418B5781700796217 /* PODCameraSettings.m */ = {isa = PBXFileReference; fileEncoding = 4; lastKnownFileType = sourcecode.c.objc; lineEnding = 0; path = PODCameraSettings.m; sourceTree = "<group>"; xcLanguageSpecificationIdentifier = xcode.lang.objc; };
		9D48365818B5781700796217 /* PODDeviceSettings.h */ = {isa = PBXFileReference; fileEncoding = 4; lastKnownFileType = sourcecode.c.h; lineEnding = 0; path = PODDeviceSettings.h; sourceTree = "<group>"; xcLanguageSpecificationIdentifier = xcode.lang.objcpp; };
		9D48365918B5781700796217 /* PODDeviceSettings.m */ = {isa = PBXFileReference; fileEncoding = 4; lastKnownFileType = sourcecode.c.objc; lineEnding = 0; path = PODDeviceSettings.m; sourceTree = "<group>"; xcLanguageSpecificationIdentifier = xcode.lang.objc; };
		9D48365A18B5781700796217 /* PODFilterChainSettings.h */ = {isa = PBXFileReference; fileEncoding = 4; lastKnownFileType = sourcecode.c.h; lineEnding = 0; path = PODFilterChainSettings.h; sourceTree = "<group>"; xcLanguageSpecificationIdentifier = xcode.lang.objcpp; };
		9D48365B18B5781700796217 /* PODFilterChainSettings.m */ = {isa = PBXFileReference; fileEncoding = 4; lastKnownFileType = sourcecode.c.objc; lineEnding = 0; path = PODFilterChainSettings.m; sourceTree = "<group>"; xcLanguageSpecificationIdentifier = xcode.lang.objc; };
		9D48366618B578A800796217 /* RBVolumeButtons.h */ = {isa = PBXFileReference; fileEncoding = 4; lastKnownFileType = sourcecode.c.h; path = RBVolumeButtons.h; sourceTree = "<group>"; };
		9D48366718B578A800796217 /* RBVolumeButtons.m */ = {isa = PBXFileReference; fileEncoding = 4; lastKnownFileType = sourcecode.c.objc; path = RBVolumeButtons.m; sourceTree = "<group>"; };
		9D48366918B578A800796217 /* AVCaptureDeviceFormat+TCMAVCaptureDeviceFormatAdditions.h */ = {isa = PBXFileReference; fileEncoding = 4; lastKnownFileType = sourcecode.c.h; lineEnding = 0; path = "AVCaptureDeviceFormat+TCMAVCaptureDeviceFormatAdditions.h"; sourceTree = "<group>"; xcLanguageSpecificationIdentifier = xcode.lang.objcpp; };
		9D48366A18B578A800796217 /* AVCaptureDeviceFormat+TCMAVCaptureDeviceFormatAdditions.m */ = {isa = PBXFileReference; fileEncoding = 4; lastKnownFileType = sourcecode.c.objc; lineEnding = 0; path = "AVCaptureDeviceFormat+TCMAVCaptureDeviceFormatAdditions.m"; sourceTree = "<group>"; xcLanguageSpecificationIdentifier = xcode.lang.objc; };
		9D48366B18B578A800796217 /* NSOperationQueue+TCMAdditions.h */ = {isa = PBXFileReference; fileEncoding = 4; lastKnownFileType = sourcecode.c.h; path = "NSOperationQueue+TCMAdditions.h"; sourceTree = "<group>"; };
		9D48366C18B578A800796217 /* NSOperationQueue+TCMAdditions.m */ = {isa = PBXFileReference; fileEncoding = 4; lastKnownFileType = sourcecode.c.objc; path = "NSOperationQueue+TCMAdditions.m"; sourceTree = "<group>"; };
		9D48366D18B578A800796217 /* TCMCALayerAdditions.h */ = {isa = PBXFileReference; fileEncoding = 4; lastKnownFileType = sourcecode.c.h; path = TCMCALayerAdditions.h; sourceTree = "<group>"; };
		9D48366E18B578A800796217 /* TCMCALayerAdditions.m */ = {isa = PBXFileReference; fileEncoding = 4; lastKnownFileType = sourcecode.c.objc; path = TCMCALayerAdditions.m; sourceTree = "<group>"; };
		9D48366F18B578A800796217 /* TCMCGGeometryAdditions.h */ = {isa = PBXFileReference; fileEncoding = 4; lastKnownFileType = sourcecode.c.h; path = TCMCGGeometryAdditions.h; sourceTree = "<group>"; };
		9D48367018B578A800796217 /* TCMCGGeometryAdditions.m */ = {isa = PBXFileReference; fileEncoding = 4; lastKnownFileType = sourcecode.c.objc; path = TCMCGGeometryAdditions.m; sourceTree = "<group>"; };
		9D48367118B578A800796217 /* PODAssetsManager.h */ = {isa = PBXFileReference; fileEncoding = 4; lastKnownFileType = sourcecode.c.h; lineEnding = 0; name = PODAssetsManager.h; path = Sources/PODAssetsManager.h; sourceTree = "<group>"; xcLanguageSpecificationIdentifier = xcode.lang.objcpp; };
		9D48367218B578A800796217 /* PODAssetsManager.m */ = {isa = PBXFileReference; fileEncoding = 4; lastKnownFileType = sourcecode.c.objc; lineEnding = 0; name = PODAssetsManager.m; path = Sources/PODAssetsManager.m; sourceTree = "<group>"; xcLanguageSpecificationIdentifier = xcode.lang.objc; };
		9D48367318B578A800796217 /* PODCaptureControlsView.h */ = {isa = PBXFileReference; fileEncoding = 4; lastKnownFileType = sourcecode.c.h; lineEnding = 0; name = PODCaptureControlsView.h; path = Sources/PODCaptureControlsView.h; sourceTree = "<group>"; xcLanguageSpecificationIdentifier = xcode.lang.objcpp; };
		9D48367418B578A800796217 /* PODCaptureControlsView.m */ = {isa = PBXFileReference; fileEncoding = 4; lastKnownFileType = sourcecode.c.objc; lineEnding = 0; name = PODCaptureControlsView.m; path = Sources/PODCaptureControlsView.m; sourceTree = "<group>"; xcLanguageSpecificationIdentifier = xcode.lang.objc; };
		9D48367518B578A800796217 /* PODDeviceSettingsManager.h */ = {isa = PBXFileReference; fileEncoding = 4; lastKnownFileType = sourcecode.c.h; lineEnding = 0; name = PODDeviceSettingsManager.h; path = Sources/PODDeviceSettingsManager.h; sourceTree = "<group>"; xcLanguageSpecificationIdentifier = xcode.lang.objcpp; };
		9D48367618B578A800796217 /* PODDeviceSettingsManager.m */ = {isa = PBXFileReference; fileEncoding = 4; lastKnownFileType = sourcecode.c.objc; lineEnding = 0; name = PODDeviceSettingsManager.m; path = Sources/PODDeviceSettingsManager.m; sourceTree = "<group>"; xcLanguageSpecificationIdentifier = xcode.lang.objc; };
		9D48367718B578A800796217 /* PODFilterFactory.h */ = {isa = PBXFileReference; fileEncoding = 4; lastKnownFileType = sourcecode.c.h; name = PODFilterFactory.h; path = Sources/PODFilterFactory.h; sourceTree = "<group>"; };
		9D48367818B578A800796217 /* PODFilterFactory.m */ = {isa = PBXFileReference; fileEncoding = 4; lastKnownFileType = sourcecode.c.objc; name = PODFilterFactory.m; path = Sources/PODFilterFactory.m; sourceTree = "<group>"; };
		9D48367C18B578A800796217 /* PODRecordViewController.h */ = {isa = PBXFileReference; fileEncoding = 4; lastKnownFileType = sourcecode.c.h; name = PODRecordViewController.h; path = Sources/PODRecordViewController.h; sourceTree = "<group>"; };
		9D48367D18B578A800796217 /* PODRecordViewController.m */ = {isa = PBXFileReference; fileEncoding = 4; lastKnownFileType = sourcecode.c.objc; name = PODRecordViewController.m; path = Sources/PODRecordViewController.m; sourceTree = "<group>"; };
		9D48367E18B578A800796217 /* PODRecordViewController.xib */ = {isa = PBXFileReference; fileEncoding = 4; lastKnownFileType = file.xib; name = PODRecordViewController.xib; path = Sources/PODRecordViewController.xib; sourceTree = "<group>"; };
		9D48368518B578A800796217 /* TCMCaptureManager.h */ = {isa = PBXFileReference; fileEncoding = 4; lastKnownFileType = sourcecode.c.h; name = TCMCaptureManager.h; path = Sources/TCMCaptureManager.h; sourceTree = "<group>"; };
		9D48368618B578A800796217 /* TCMCaptureManager.m */ = {isa = PBXFileReference; fileEncoding = 4; lastKnownFileType = sourcecode.c.objc; name = TCMCaptureManager.m; path = Sources/TCMCaptureManager.m; sourceTree = "<group>"; };
		9D48369B18B5807A00796217 /* DeviceSettings */ = {isa = PBXFileReference; lastKnownFileType = folder; path = DeviceSettings; sourceTree = "<group>"; };
		9D55929B18CA4B3A003CE539 /* PortraitGalleryViewController.h */ = {isa = PBXFileReference; fileEncoding = 4; lastKnownFileType = sourcecode.c.h; path = PortraitGalleryViewController.h; sourceTree = "<group>"; };
		9D55929C18CA4B3A003CE539 /* PortraitGalleryViewController.m */ = {isa = PBXFileReference; fileEncoding = 4; lastKnownFileType = sourcecode.c.objc; path = PortraitGalleryViewController.m; sourceTree = "<group>"; };
		9D55929D18CA4B3A003CE539 /* PortraitGalleryViewController.xib */ = {isa = PBXFileReference; fileEncoding = 4; lastKnownFileType = file.xib; path = PortraitGalleryViewController.xib; sourceTree = "<group>"; };
		9D5592A218CA9C57003CE539 /* Flurry.h */ = {isa = PBXFileReference; lastKnownFileType = sourcecode.c.h; path = Flurry.h; sourceTree = "<group>"; };
		9D5592A318CA9D38003CE539 /* libFlurry_4.3.2.a */ = {isa = PBXFileReference; lastKnownFileType = archive.ar; path = libFlurry_4.3.2.a; sourceTree = "<group>"; };
		9D5EDE4217FB4386008EB372 /* Poppy.app */ = {isa = PBXFileReference; explicitFileType = wrapper.application; includeInIndex = 0; path = Poppy.app; sourceTree = BUILT_PRODUCTS_DIR; };
		9D5EDE4517FB4386008EB372 /* Foundation.framework */ = {isa = PBXFileReference; lastKnownFileType = wrapper.framework; name = Foundation.framework; path = System/Library/Frameworks/Foundation.framework; sourceTree = SDKROOT; };
		9D5EDE4717FB4386008EB372 /* CoreGraphics.framework */ = {isa = PBXFileReference; lastKnownFileType = wrapper.framework; name = CoreGraphics.framework; path = System/Library/Frameworks/CoreGraphics.framework; sourceTree = SDKROOT; };
		9D5EDE4917FB4386008EB372 /* UIKit.framework */ = {isa = PBXFileReference; lastKnownFileType = wrapper.framework; name = UIKit.framework; path = System/Library/Frameworks/UIKit.framework; sourceTree = SDKROOT; };
		9D5EDE4D17FB4386008EB372 /* Poppy-Info.plist */ = {isa = PBXFileReference; lastKnownFileType = text.plist.xml; path = "Poppy-Info.plist"; sourceTree = "<group>"; };
		9D5EDE4F17FB4386008EB372 /* en */ = {isa = PBXFileReference; lastKnownFileType = text.plist.strings; name = en; path = en.lproj/InfoPlist.strings; sourceTree = "<group>"; };
		9D5EDE5117FB4386008EB372 /* main.m */ = {isa = PBXFileReference; lastKnownFileType = sourcecode.c.objc; path = main.m; sourceTree = "<group>"; };
		9D5EDE5317FB4386008EB372 /* Poppy-Prefix.pch */ = {isa = PBXFileReference; lastKnownFileType = sourcecode.c.h; path = "Poppy-Prefix.pch"; sourceTree = "<group>"; };
		9D5EDE5417FB4386008EB372 /* AppDelegate.h */ = {isa = PBXFileReference; lastKnownFileType = sourcecode.c.h; path = AppDelegate.h; sourceTree = "<group>"; };
		9D5EDE5517FB4386008EB372 /* AppDelegate.m */ = {isa = PBXFileReference; lastKnownFileType = sourcecode.c.objc; path = AppDelegate.m; sourceTree = "<group>"; };
		9D5EDE5717FB4386008EB372 /* Images.xcassets */ = {isa = PBXFileReference; lastKnownFileType = folder.assetcatalog; path = Images.xcassets; sourceTree = "<group>"; };
		9D5EDE5D17FB4386008EB372 /* PoppyTests.xctest */ = {isa = PBXFileReference; explicitFileType = wrapper.cfbundle; includeInIndex = 0; path = PoppyTests.xctest; sourceTree = BUILT_PRODUCTS_DIR; };
		9D5EDE5E17FB4386008EB372 /* XCTest.framework */ = {isa = PBXFileReference; lastKnownFileType = wrapper.framework; name = XCTest.framework; path = Library/Frameworks/XCTest.framework; sourceTree = DEVELOPER_DIR; };
		9D5EDE6617FB4386008EB372 /* PoppyAppTests-Info.plist */ = {isa = PBXFileReference; lastKnownFileType = text.plist.xml; path = "PoppyAppTests-Info.plist"; sourceTree = "<group>"; };
		9D5EDE6817FB4386008EB372 /* en */ = {isa = PBXFileReference; lastKnownFileType = text.plist.strings; name = en; path = en.lproj/InfoPlist.strings; sourceTree = "<group>"; };
		9D5EDE6A17FB4386008EB372 /* PoppyAppTests.m */ = {isa = PBXFileReference; lastKnownFileType = sourcecode.c.objc; path = PoppyAppTests.m; sourceTree = "<group>"; };
		9D5EDE7417FB443E008EB372 /* AssetsLibrary.framework */ = {isa = PBXFileReference; lastKnownFileType = wrapper.framework; name = AssetsLibrary.framework; path = System/Library/Frameworks/AssetsLibrary.framework; sourceTree = SDKROOT; };
		9D5EDE7617FB444B008EB372 /* OpenGLES.framework */ = {isa = PBXFileReference; lastKnownFileType = wrapper.framework; name = OpenGLES.framework; path = System/Library/Frameworks/OpenGLES.framework; sourceTree = SDKROOT; };
		9D5EDE7817FB445C008EB372 /* QuartzCore.framework */ = {isa = PBXFileReference; lastKnownFileType = wrapper.framework; name = QuartzCore.framework; path = System/Library/Frameworks/QuartzCore.framework; sourceTree = SDKROOT; };
		9D5EDE7A17FB4465008EB372 /* CoreMedia.framework */ = {isa = PBXFileReference; lastKnownFileType = wrapper.framework; name = CoreMedia.framework; path = System/Library/Frameworks/CoreMedia.framework; sourceTree = SDKROOT; };
		9D5EDE7C17FB4471008EB372 /* CoreVideo.framework */ = {isa = PBXFileReference; lastKnownFileType = wrapper.framework; name = CoreVideo.framework; path = System/Library/Frameworks/CoreVideo.framework; sourceTree = SDKROOT; };
		9D5EDE7E17FB4479008EB372 /* AVFoundation.framework */ = {isa = PBXFileReference; lastKnownFileType = wrapper.framework; name = AVFoundation.framework; path = System/Library/Frameworks/AVFoundation.framework; sourceTree = SDKROOT; };
		9D5EE03D17FB6572008EB372 /* LiveView.xib */ = {isa = PBXFileReference; fileEncoding = 4; lastKnownFileType = file.xib; path = LiveView.xib; sourceTree = "<group>"; };
		9D62B8A91893223500203FE9 /* backgroundP@2x.png */ = {isa = PBXFileReference; lastKnownFileType = image.png; path = "backgroundP@2x.png"; sourceTree = "<group>"; };
		9D761EE018242A94005412AC /* record@2x.png */ = {isa = PBXFileReference; lastKnownFileType = image.png; path = "record@2x.png"; sourceTree = "<group>"; };
		9D761EE218245A24005412AC /* MediaPlayer.framework */ = {isa = PBXFileReference; lastKnownFileType = wrapper.framework; name = MediaPlayer.framework; path = System/Library/Frameworks/MediaPlayer.framework; sourceTree = SDKROOT; };
		9D761EE418245B50005412AC /* AudioToolbox.framework */ = {isa = PBXFileReference; lastKnownFileType = wrapper.framework; name = AudioToolbox.framework; path = System/Library/Frameworks/AudioToolbox.framework; sourceTree = SDKROOT; };
		9D8FC076184D5107007D0D53 /* AppIcon57x57@2x.png */ = {isa = PBXFileReference; lastKnownFileType = image.png; path = "AppIcon57x57@2x.png"; sourceTree = "<group>"; };
		9D8FC07A184D53C8007D0D53 /* AppIcon57x57.png */ = {isa = PBXFileReference; lastKnownFileType = image.png; path = AppIcon57x57.png; sourceTree = "<group>"; };
		9D99EF20187744BC002D9B14 /* GalleryViewController.h */ = {isa = PBXFileReference; fileEncoding = 4; lastKnownFileType = sourcecode.c.h; path = GalleryViewController.h; sourceTree = "<group>"; };
		9D99EF21187744BC002D9B14 /* GalleryViewController.m */ = {isa = PBXFileReference; fileEncoding = 4; lastKnownFileType = sourcecode.c.objc; path = GalleryViewController.m; sourceTree = "<group>"; };
		9D99EF2518777AD2002D9B14 /* listArrow@2x.png */ = {isa = PBXFileReference; lastKnownFileType = image.png; path = "listArrow@2x.png"; sourceTree = "<group>"; };
		9DAB3CDC18B673CB00EDFB98 /* GLKit.framework */ = {isa = PBXFileReference; lastKnownFileType = wrapper.framework; name = GLKit.framework; path = System/Library/Frameworks/GLKit.framework; sourceTree = SDKROOT; };
		9DAB3CE018B673DA00EDFB98 /* CoreLocation.framework */ = {isa = PBXFileReference; lastKnownFileType = wrapper.framework; name = CoreLocation.framework; path = System/Library/Frameworks/CoreLocation.framework; sourceTree = SDKROOT; };
		9DAB3CE218B673E900EDFB98 /* CoreMotion.framework */ = {isa = PBXFileReference; lastKnownFileType = wrapper.framework; name = CoreMotion.framework; path = System/Library/Frameworks/CoreMotion.framework; sourceTree = SDKROOT; };
		9DAB3CF818BD5B2900EDFB98 /* UpgradeViewController.xib */ = {isa = PBXFileReference; fileEncoding = 4; lastKnownFileType = file.xib; path = UpgradeViewController.xib; sourceTree = "<group>"; };
		9DAB3CFA18BD702E00EDFB98 /* PortraitViewerViewController.h */ = {isa = PBXFileReference; fileEncoding = 4; lastKnownFileType = sourcecode.c.h; path = PortraitViewerViewController.h; sourceTree = "<group>"; };
		9DAB3CFB18BD702E00EDFB98 /* PortraitViewerViewController.m */ = {isa = PBXFileReference; fileEncoding = 4; lastKnownFileType = sourcecode.c.objc; path = PortraitViewerViewController.m; sourceTree = "<group>"; };
		9DAB3CFC18BD702E00EDFB98 /* PortraitViewerViewController.xib */ = {isa = PBXFileReference; fileEncoding = 4; lastKnownFileType = file.xib; path = PortraitViewerViewController.xib; sourceTree = "<group>"; };
		9DAB3CFF18BD7E7600EDFB98 /* WiggleViewController.h */ = {isa = PBXFileReference; fileEncoding = 4; lastKnownFileType = sourcecode.c.h; path = WiggleViewController.h; sourceTree = "<group>"; };
		9DAB3D0018BD7E7600EDFB98 /* WiggleViewController.m */ = {isa = PBXFileReference; fileEncoding = 4; lastKnownFileType = sourcecode.c.objc; path = WiggleViewController.m; sourceTree = "<group>"; };
		9DAB3D0118BD7E7600EDFB98 /* WiggleViewController.xib */ = {isa = PBXFileReference; fileEncoding = 4; lastKnownFileType = file.xib; path = WiggleViewController.xib; sourceTree = "<group>"; };
		9DAB3D0918BEA46800EDFB98 /* UIImage+Resize.h */ = {isa = PBXFileReference; fileEncoding = 4; lastKnownFileType = sourcecode.c.h; path = "UIImage+Resize.h"; sourceTree = "<group>"; };
		9DAB3D0A18BEA46800EDFB98 /* UIImage+Resize.m */ = {isa = PBXFileReference; fileEncoding = 4; lastKnownFileType = sourcecode.c.objc; path = "UIImage+Resize.m"; sourceTree = "<group>"; };
		9DD59E3818BFC1230097E23B /* camera-toggle@2x.png */ = {isa = PBXFileReference; lastKnownFileType = image.png; path = "camera-toggle@2x.png"; sourceTree = "<group>"; };
		9DD59E3918BFC1230097E23B /* video-toggle@2x.png */ = {isa = PBXFileReference; lastKnownFileType = image.png; path = "video-toggle@2x.png"; sourceTree = "<group>"; };
		9DD59E3C18BFF3A60097E23B /* sharing@2x.png */ = {isa = PBXFileReference; lastKnownFileType = image.png; path = "sharing@2x.png"; sourceTree = "<group>"; };
		9DE576E6184FE5930048A6D6 /* focus@2x.png */ = {isa = PBXFileReference; lastKnownFileType = image.png; path = "focus@2x.png"; sourceTree = "<group>"; };
		9DE576EE18510EF20048A6D6 /* Settings.bundle */ = {isa = PBXFileReference; lastKnownFileType = "wrapper.plug-in"; path = Settings.bundle; sourceTree = "<group>"; };
		9DE576F61853DCEB0048A6D6 /* arrow-left@2x.png */ = {isa = PBXFileReference; lastKnownFileType = image.png; path = "arrow-left@2x.png"; sourceTree = "<group>"; };
		9DE576F71853DCEB0048A6D6 /* arrow-right@2x.png */ = {isa = PBXFileReference; lastKnownFileType = image.png; path = "arrow-right@2x.png"; sourceTree = "<group>"; };
		9DE576FA1853F13A0048A6D6 /* WelcomeViewController.h */ = {isa = PBXFileReference; fileEncoding = 4; lastKnownFileType = sourcecode.c.h; path = WelcomeViewController.h; sourceTree = "<group>"; };
		9DE576FB1853F13A0048A6D6 /* WelcomeViewController.m */ = {isa = PBXFileReference; fileEncoding = 4; lastKnownFileType = sourcecode.c.objc; path = WelcomeViewController.m; sourceTree = "<group>"; };
		9DE576FF185667DC0048A6D6 /* logo@2x.png */ = {isa = PBXFileReference; lastKnownFileType = image.png; path = "logo@2x.png"; sourceTree = "<group>"; };
		9DE5770118566D2C0048A6D6 /* adapter@2x.png */ = {isa = PBXFileReference; lastKnownFileType = image.png; path = "adapter@2x.png"; sourceTree = "<group>"; };
		9DE57703185672AB0048A6D6 /* twist@2x.png */ = {isa = PBXFileReference; lastKnownFileType = image.png; path = "twist@2x.png"; sourceTree = "<group>"; };
		9DE57705185679140048A6D6 /* thumbs@2x.png */ = {isa = PBXFileReference; lastKnownFileType = image.png; path = "thumbs@2x.png"; sourceTree = "<group>"; };
		9DE57709185681A20048A6D6 /* screencontrols@2x.png */ = {isa = PBXFileReference; lastKnownFileType = image.png; path = "screencontrols@2x.png"; sourceTree = "<group>"; };
		9DE5770B185786B70048A6D6 /* screencontrolscamera@2x.png */ = {isa = PBXFileReference; lastKnownFileType = image.png; path = "screencontrolscamera@2x.png"; sourceTree = "<group>"; };
		9DE57711185EB2F50048A6D6 /* gallery@2x.png */ = {isa = PBXFileReference; lastKnownFileType = image.png; path = "gallery@2x.png"; sourceTree = "<group>"; };
		9DF96D4A1884F2E500EB6B7B /* flicktweet@2x.png */ = {isa = PBXFileReference; lastKnownFileType = image.png; path = "flicktweet@2x.png"; sourceTree = "<group>"; };
		9DF96D4E1884F5B300EB6B7B /* favorite@2x.png */ = {isa = PBXFileReference; lastKnownFileType = image.png; path = "favorite@2x.png"; sourceTree = "<group>"; };
		9DF96D531885DDA100EB6B7B /* home@2x.png */ = {isa = PBXFileReference; lastKnownFileType = image.png; path = "home@2x.png"; sourceTree = "<group>"; };
		9DF96D57188724E700EB6B7B /* delete@2x.png */ = {isa = PBXFileReference; lastKnownFileType = image.png; path = "delete@2x.png"; sourceTree = "<group>"; };
		9DF96D5D1887B6C900EB6B7B /* is_favorite@2x.png */ = {isa = PBXFileReference; lastKnownFileType = image.png; path = "is_favorite@2x.png"; sourceTree = "<group>"; };
		9DF96D5F1888A66000EB6B7B /* cog@2x.png */ = {isa = PBXFileReference; lastKnownFileType = image.png; path = "cog@2x.png"; sourceTree = "<group>"; };
		9DF96D611888A87600EB6B7B /* question@2x.png */ = {isa = PBXFileReference; lastKnownFileType = image.png; path = "question@2x.png"; sourceTree = "<group>"; };
		9DF96D631888A8B000EB6B7B /* twitter@2x.png */ = {isa = PBXFileReference; lastKnownFileType = image.png; path = "twitter@2x.png"; sourceTree = "<group>"; };
		9DF96D6A1888B81A00EB6B7B /* SystemConfiguration.framework */ = {isa = PBXFileReference; lastKnownFileType = wrapper.framework; name = SystemConfiguration.framework; path = System/Library/Frameworks/SystemConfiguration.framework; sourceTree = SDKROOT; };
		9DF96D6C1888B82800EB6B7B /* Security.framework */ = {isa = PBXFileReference; lastKnownFileType = wrapper.framework; name = Security.framework; path = System/Library/Frameworks/Security.framework; sourceTree = SDKROOT; };
		9DF96D6E1888BA6600EB6B7B /* video@2x.png */ = {isa = PBXFileReference; lastKnownFileType = image.png; path = "video@2x.png"; sourceTree = "<group>"; };
		9DF96D731889EDA400EB6B7B /* flag@2x.png */ = {isa = PBXFileReference; lastKnownFileType = image.png; path = "flag@2x.png"; sourceTree = "<group>"; };
		9DF96D741889EDA400EB6B7B /* trash@2x.png */ = {isa = PBXFileReference; lastKnownFileType = image.png; path = "trash@2x.png"; sourceTree = "<group>"; };
		9DF96D7A188A0FFD00EB6B7B /* shutter_recording@2x.png */ = {isa = PBXFileReference; lastKnownFileType = image.png; path = "shutter_recording@2x.png"; sourceTree = "<group>"; };
		9DF96D7E188A10DA00EB6B7B /* shutter_video@2x.png */ = {isa = PBXFileReference; lastKnownFileType = image.png; path = "shutter_video@2x.png"; sourceTree = "<group>"; };
		9DF96D85188F127700EB6B7B /* background@2x.png */ = {isa = PBXFileReference; lastKnownFileType = image.png; path = "background@2x.png"; sourceTree = "<group>"; };
		9DF96D87188F130F00EB6B7B /* flickr@2x.png */ = {isa = PBXFileReference; lastKnownFileType = image.png; path = "flickr@2x.png"; sourceTree = "<group>"; };
		9DF96D89188F37CE00EB6B7B /* bullet@2x.png */ = {isa = PBXFileReference; lastKnownFileType = image.png; path = "bullet@2x.png"; sourceTree = "<group>"; };
		9DF96D8B188F4CF600EB6B7B /* UpgradeViewController.h */ = {isa = PBXFileReference; fileEncoding = 4; lastKnownFileType = sourcecode.c.h; path = UpgradeViewController.h; sourceTree = "<group>"; };
		9DF96D8C188F4CF600EB6B7B /* UpgradeViewController.m */ = {isa = PBXFileReference; fileEncoding = 4; lastKnownFileType = sourcecode.c.objc; path = UpgradeViewController.m; sourceTree = "<group>"; };
		9DFA62F7182AE68400F1B262 /* Default.png */ = {isa = PBXFileReference; lastKnownFileType = image.png; path = Default.png; sourceTree = "<group>"; };
		9DFA62F8182AE68400F1B262 /* Default@2x.png */ = {isa = PBXFileReference; lastKnownFileType = image.png; path = "Default@2x.png"; sourceTree = "<group>"; };
		9DFA62FD182AECB400F1B262 /* Icon-Small.png */ = {isa = PBXFileReference; lastKnownFileType = image.png; path = "Icon-Small.png"; sourceTree = "<group>"; };
		9DFA62FE182AECB400F1B262 /* Icon-Small@2x.png */ = {isa = PBXFileReference; lastKnownFileType = image.png; path = "Icon-Small@2x.png"; sourceTree = "<group>"; };
		9DFA62FF182AECB400F1B262 /* Icon.png */ = {isa = PBXFileReference; lastKnownFileType = image.png; path = Icon.png; sourceTree = "<group>"; };
		9DFA6300182AECB400F1B262 /* Icon@2x.png */ = {isa = PBXFileReference; lastKnownFileType = image.png; path = "Icon@2x.png"; sourceTree = "<group>"; };
		9DFCB1521828764400332D7C /* camera@2x.png */ = {isa = PBXFileReference; lastKnownFileType = image.png; path = "camera@2x.png"; sourceTree = "<group>"; };
		9DFCB15A18297DB000332D7C /* beep.wav */ = {isa = PBXFileReference; lastKnownFileType = audio.wav; path = beep.wav; sourceTree = "<group>"; };
		9DFCB15C182983FC00332D7C /* shutterPressed@2x.png */ = {isa = PBXFileReference; lastKnownFileType = image.png; path = "shutterPressed@2x.png"; sourceTree = "<group>"; };
		9DFCB15D182983FC00332D7C /* shutter@2x.png */ = {isa = PBXFileReference; lastKnownFileType = image.png; path = "shutter@2x.png"; sourceTree = "<group>"; };
		9DFCB1601829C68200332D7C /* play@2x.png */ = {isa = PBXFileReference; lastKnownFileType = image.png; path = "play@2x.png"; sourceTree = "<group>"; };
		9DFCB162182ACA4300332D7C /* Default-568h@2x.png */ = {isa = PBXFileReference; lastKnownFileType = image.png; path = "Default-568h@2x.png"; sourceTree = "<group>"; };
/* End PBXFileReference section */

/* Begin PBXFrameworksBuildPhase section */
		9D5EDE3F17FB4386008EB372 /* Frameworks */ = {
			isa = PBXFrameworksBuildPhase;
			buildActionMask = 2147483647;
			files = (
				9DAB3CE318B673E900EDFB98 /* CoreMotion.framework in Frameworks */,
				9DAB3CE118B673DA00EDFB98 /* CoreLocation.framework in Frameworks */,
				9DAB3CDD18B673CB00EDFB98 /* GLKit.framework in Frameworks */,
				9DF96D6D1888B82800EB6B7B /* Security.framework in Frameworks */,
				9DF96D6B1888B81A00EB6B7B /* SystemConfiguration.framework in Frameworks */,
				9D761EE518245B50005412AC /* AudioToolbox.framework in Frameworks */,
				9D761EE318245A24005412AC /* MediaPlayer.framework in Frameworks */,
				9D5592A418CA9D38003CE539 /* libFlurry_4.3.2.a in Frameworks */,
				9D5EDE7F17FB4479008EB372 /* AVFoundation.framework in Frameworks */,
				9D5EDE7D17FB4471008EB372 /* CoreVideo.framework in Frameworks */,
				9D5EDE7B17FB4465008EB372 /* CoreMedia.framework in Frameworks */,
				9D5EDE7917FB445C008EB372 /* QuartzCore.framework in Frameworks */,
				9D5EDE7717FB444B008EB372 /* OpenGLES.framework in Frameworks */,
				9D5EDE7517FB443E008EB372 /* AssetsLibrary.framework in Frameworks */,
				9D5EDE4817FB4386008EB372 /* CoreGraphics.framework in Frameworks */,
				9D5EDE4A17FB4386008EB372 /* UIKit.framework in Frameworks */,
				9D5EDE4617FB4386008EB372 /* Foundation.framework in Frameworks */,
			);
			runOnlyForDeploymentPostprocessing = 0;
		};
		9D5EDE5A17FB4386008EB372 /* Frameworks */ = {
			isa = PBXFrameworksBuildPhase;
			buildActionMask = 2147483647;
			files = (
				9D5EDE5F17FB4386008EB372 /* XCTest.framework in Frameworks */,
				9D5EDE6117FB4386008EB372 /* UIKit.framework in Frameworks */,
				9D5EDE6017FB4386008EB372 /* Foundation.framework in Frameworks */,
			);
			runOnlyForDeploymentPostprocessing = 0;
		};
/* End PBXFrameworksBuildPhase section */

/* Begin PBXGroup section */
		9D48366518B578A800796217 /* 3rdParty */ = {
			isa = PBXGroup;
			children = (
				9D48366618B578A800796217 /* RBVolumeButtons.h */,
				9D48366718B578A800796217 /* RBVolumeButtons.m */,
				9DAB3D0918BEA46800EDFB98 /* UIImage+Resize.h */,
				9DAB3D0A18BEA46800EDFB98 /* UIImage+Resize.m */,
			);
			name = 3rdParty;
			path = Sources/3rdParty;
			sourceTree = "<group>";
		};
		9D48366818B578A800796217 /* Additions */ = {
			isa = PBXGroup;
			children = (
				9D48366918B578A800796217 /* AVCaptureDeviceFormat+TCMAVCaptureDeviceFormatAdditions.h */,
				9D48366A18B578A800796217 /* AVCaptureDeviceFormat+TCMAVCaptureDeviceFormatAdditions.m */,
				9D48366B18B578A800796217 /* NSOperationQueue+TCMAdditions.h */,
				9D48366C18B578A800796217 /* NSOperationQueue+TCMAdditions.m */,
				9D48366D18B578A800796217 /* TCMCALayerAdditions.h */,
				9D48366E18B578A800796217 /* TCMCALayerAdditions.m */,
				9D48366F18B578A800796217 /* TCMCGGeometryAdditions.h */,
				9D48367018B578A800796217 /* TCMCGGeometryAdditions.m */,
			);
			name = Additions;
			path = Sources/Additions;
			sourceTree = "<group>";
		};
		9D48369918B57FE000796217 /* Resources */ = {
			isa = PBXGroup;
			children = (
				9DFCB15A18297DB000332D7C /* beep.wav */,
				9D48369E18B5809E00796217 /* App Icons */,
				9D48369D18B5808300796217 /* Images */,
				9D48369B18B5807A00796217 /* DeviceSettings */,
			);
			name = Resources;
			sourceTree = "<group>";
		};
		9D48369A18B57FEF00796217 /* POD */ = {
			isa = PBXGroup;
			children = (
				9D48365018B5781700796217 /* PODCalibrateViewController.h */,
				9D48365118B5781700796217 /* PODCalibrateViewController.m */,
				9D48365218B5781700796217 /* PODCalibrateViewController.xib */,
				9D48365318B5781700796217 /* PODCameraSettings.h */,
				9D48365418B5781700796217 /* PODCameraSettings.m */,
				9D48365818B5781700796217 /* PODDeviceSettings.h */,
				9D48365918B5781700796217 /* PODDeviceSettings.m */,
				9D48365A18B5781700796217 /* PODFilterChainSettings.h */,
				9D48365B18B5781700796217 /* PODFilterChainSettings.m */,
				9D48367118B578A800796217 /* PODAssetsManager.h */,
				9D48367218B578A800796217 /* PODAssetsManager.m */,
				9D48367318B578A800796217 /* PODCaptureControlsView.h */,
				9D48367418B578A800796217 /* PODCaptureControlsView.m */,
				9D48367518B578A800796217 /* PODDeviceSettingsManager.h */,
				9D48367618B578A800796217 /* PODDeviceSettingsManager.m */,
				9D48367718B578A800796217 /* PODFilterFactory.h */,
				9D48367818B578A800796217 /* PODFilterFactory.m */,
				9D48367C18B578A800796217 /* PODRecordViewController.h */,
				9D48367D18B578A800796217 /* PODRecordViewController.m */,
				9D48367E18B578A800796217 /* PODRecordViewController.xib */,
				9D48368518B578A800796217 /* TCMCaptureManager.h */,
				9D48368618B578A800796217 /* TCMCaptureManager.m */,
			);
			name = POD;
			sourceTree = "<group>";
		};
		9D48369D18B5808300796217 /* Images */ = {
			isa = PBXGroup;
			children = (
				9D48363F18B577D700796217 /* saving-icon.png */,
				9D48364018B577D700796217 /* saving-icon@2x.png */,
				9DF96D85188F127700EB6B7B /* background@2x.png */,
				9D62B8A91893223500203FE9 /* backgroundP@2x.png */,
				9DE576FF185667DC0048A6D6 /* logo@2x.png */,
				9D2E49C11884991F00D9871F /* logo_white@2x.png */,
				9DF96D731889EDA400EB6B7B /* flag@2x.png */,
				9DF96D741889EDA400EB6B7B /* trash@2x.png */,
				9DF96D5F1888A66000EB6B7B /* cog@2x.png */,
				9DD59E3C18BFF3A60097E23B /* sharing@2x.png */,
				9DF96D6E1888BA6600EB6B7B /* video@2x.png */,
				9DD59E3818BFC1230097E23B /* camera-toggle@2x.png */,
				9DD59E3918BFC1230097E23B /* video-toggle@2x.png */,
				9DF96D611888A87600EB6B7B /* question@2x.png */,
				9DF96D631888A8B000EB6B7B /* twitter@2x.png */,
				9DF96D87188F130F00EB6B7B /* flickr@2x.png */,
				9DF96D531885DDA100EB6B7B /* home@2x.png */,
				9DF96D5D1887B6C900EB6B7B /* is_favorite@2x.png */,
				9DF96D57188724E700EB6B7B /* delete@2x.png */,
				9DE5770118566D2C0048A6D6 /* adapter@2x.png */,
				9DE57703185672AB0048A6D6 /* twist@2x.png */,
				9DE57705185679140048A6D6 /* thumbs@2x.png */,
				9DE57709185681A20048A6D6 /* screencontrols@2x.png */,
				9DE5770B185786B70048A6D6 /* screencontrolscamera@2x.png */,
				9D99EF2518777AD2002D9B14 /* listArrow@2x.png */,
				9DE576F61853DCEB0048A6D6 /* arrow-left@2x.png */,
				9DE576F71853DCEB0048A6D6 /* arrow-right@2x.png */,
				9DF96D89188F37CE00EB6B7B /* bullet@2x.png */,
				9DE576E6184FE5930048A6D6 /* focus@2x.png */,
				9DF96D4E1884F5B300EB6B7B /* favorite@2x.png */,
				9DF96D4A1884F2E500EB6B7B /* flicktweet@2x.png */,
				9DE57711185EB2F50048A6D6 /* gallery@2x.png */,
				9DFCB1601829C68200332D7C /* play@2x.png */,
				9DFCB15C182983FC00332D7C /* shutterPressed@2x.png */,
				9DFCB15D182983FC00332D7C /* shutter@2x.png */,
				9DF96D7A188A0FFD00EB6B7B /* shutter_recording@2x.png */,
				9DF96D7E188A10DA00EB6B7B /* shutter_video@2x.png */,
				9DFCB1521828764400332D7C /* camera@2x.png */,
				9D761EE018242A94005412AC /* record@2x.png */,
			);
			name = Images;
			sourceTree = "<group>";
		};
		9D48369E18B5809E00796217 /* App Icons */ = {
			isa = PBXGroup;
			children = (
				9DFCB162182ACA4300332D7C /* Default-568h@2x.png */,
				9DFA62F7182AE68400F1B262 /* Default.png */,
				9DFA62F8182AE68400F1B262 /* Default@2x.png */,
				9D10BC60182B0313008C8D1C /* AppIcon29x29.png */,
				9D10BC61182B0313008C8D1C /* AppIcon29x29@2x.png */,
				9D10BC62182B0313008C8D1C /* AppIcon40x40.png */,
				9D10BC63182B0313008C8D1C /* AppIcon40x40@2x.png */,
				9D8FC07A184D53C8007D0D53 /* AppIcon57x57.png */,
				9D8FC076184D5107007D0D53 /* AppIcon57x57@2x.png */,
				9D10BC64182B0313008C8D1C /* AppIcon60x60.png */,
				9D10BC65182B0313008C8D1C /* AppIcon60x60@2x.png */,
				9DFA62FD182AECB400F1B262 /* Icon-Small.png */,
				9DFA62FE182AECB400F1B262 /* Icon-Small@2x.png */,
				9DFA62FF182AECB400F1B262 /* Icon.png */,
				9DFA6300182AECB400F1B262 /* Icon@2x.png */,
			);
			name = "App Icons";
			sourceTree = "<group>";
		};
		9D48369F18B580C300796217 /* Core app */ = {
			isa = PBXGroup;
			children = (
				9DF96D8B188F4CF600EB6B7B /* UpgradeViewController.h */,
				9DF96D8C188F4CF600EB6B7B /* UpgradeViewController.m */,
				9D48363618B426E400796217 /* HomeViewController.h */,
				9D48363718B426E400796217 /* HomeViewController.m */,
				9DE576FA1853F13A0048A6D6 /* WelcomeViewController.h */,
				9DE576FB1853F13A0048A6D6 /* WelcomeViewController.m */,
				9D99EF20187744BC002D9B14 /* GalleryViewController.h */,
				9D99EF21187744BC002D9B14 /* GalleryViewController.m */,
				9D55929B18CA4B3A003CE539 /* PortraitGalleryViewController.h */,
				9D55929C18CA4B3A003CE539 /* PortraitGalleryViewController.m */,
				9D55929D18CA4B3A003CE539 /* PortraitGalleryViewController.xib */,
				9D48363918B427F600796217 /* ViewerViewController.h */,
				9D48363A18B427F600796217 /* ViewerViewController.m */,
				9D5EE03D17FB6572008EB372 /* LiveView.xib */,
				9DAB3CF818BD5B2900EDFB98 /* UpgradeViewController.xib */,
				9DAB3CFA18BD702E00EDFB98 /* PortraitViewerViewController.h */,
				9DAB3CFB18BD702E00EDFB98 /* PortraitViewerViewController.m */,
				9DAB3CFC18BD702E00EDFB98 /* PortraitViewerViewController.xib */,
				9DAB3CFF18BD7E7600EDFB98 /* WiggleViewController.h */,
				9DAB3D0018BD7E7600EDFB98 /* WiggleViewController.m */,
				9DAB3D0118BD7E7600EDFB98 /* WiggleViewController.xib */,
			);
			name = "Core app";
			sourceTree = "<group>";
		};
		9D5EDE3917FB4385008EB372 = {
			isa = PBXGroup;
			children = (
				9D5EDE4B17FB4386008EB372 /* PoppyApp */,
				9D5EDE6417FB4386008EB372 /* PoppyAppTests */,
				9D5EDE4417FB4386008EB372 /* Frameworks */,
				9D5EDE4317FB4386008EB372 /* Products */,
			);
			sourceTree = "<group>";
		};
		9D5EDE4317FB4386008EB372 /* Products */ = {
			isa = PBXGroup;
			children = (
				9D5EDE4217FB4386008EB372 /* Poppy.app */,
				9D5EDE5D17FB4386008EB372 /* PoppyTests.xctest */,
			);
			name = Products;
			sourceTree = "<group>";
		};
		9D5EDE4417FB4386008EB372 /* Frameworks */ = {
			isa = PBXGroup;
			children = (
				9DAB3CE218B673E900EDFB98 /* CoreMotion.framework */,
				9DAB3CE018B673DA00EDFB98 /* CoreLocation.framework */,
				9DAB3CDC18B673CB00EDFB98 /* GLKit.framework */,
				9DF96D6C1888B82800EB6B7B /* Security.framework */,
				9DF96D6A1888B81A00EB6B7B /* SystemConfiguration.framework */,
				9D761EE418245B50005412AC /* AudioToolbox.framework */,
				9D761EE218245A24005412AC /* MediaPlayer.framework */,
				9D5EDE7E17FB4479008EB372 /* AVFoundation.framework */,
				9D5EDE7C17FB4471008EB372 /* CoreVideo.framework */,
				9D5EDE7A17FB4465008EB372 /* CoreMedia.framework */,
				9D5EDE7817FB445C008EB372 /* QuartzCore.framework */,
				9D5EDE7617FB444B008EB372 /* OpenGLES.framework */,
				9D5EDE7417FB443E008EB372 /* AssetsLibrary.framework */,
				9D5EDE4517FB4386008EB372 /* Foundation.framework */,
				9D5EDE4717FB4386008EB372 /* CoreGraphics.framework */,
				9D5EDE4917FB4386008EB372 /* UIKit.framework */,
				9D5EDE5E17FB4386008EB372 /* XCTest.framework */,
			);
			name = Frameworks;
			sourceTree = "<group>";
		};
		9D5EDE4B17FB4386008EB372 /* PoppyApp */ = {
			isa = PBXGroup;
			children = (
				9D5EDE5417FB4386008EB372 /* AppDelegate.h */,
				9D5EDE5517FB4386008EB372 /* AppDelegate.m */,
				9D48369F18B580C300796217 /* Core app */,
				9D48369A18B57FEF00796217 /* POD */,
				9D48369918B57FE000796217 /* Resources */,
				9D5592A218CA9C57003CE539 /* Flurry.h */,
				9D5592A318CA9D38003CE539 /* libFlurry_4.3.2.a */,
				9D5EDE5717FB4386008EB372 /* Images.xcassets */,
				9D48366818B578A800796217 /* Additions */,
				9D48366518B578A800796217 /* 3rdParty */,
				9D5EDE4C17FB4386008EB372 /* Supporting Files */,
				9DE576EE18510EF20048A6D6 /* Settings.bundle */,
			);
			path = PoppyApp;
			sourceTree = "<group>";
		};
		9D5EDE4C17FB4386008EB372 /* Supporting Files */ = {
			isa = PBXGroup;
			children = (
				9D5EDE4D17FB4386008EB372 /* Poppy-Info.plist */,
				9D5EDE4E17FB4386008EB372 /* InfoPlist.strings */,
				9D5EDE5117FB4386008EB372 /* main.m */,
				9D5EDE5317FB4386008EB372 /* Poppy-Prefix.pch */,
			);
			name = "Supporting Files";
			sourceTree = "<group>";
		};
		9D5EDE6417FB4386008EB372 /* PoppyAppTests */ = {
			isa = PBXGroup;
			children = (
				9D5EDE6A17FB4386008EB372 /* PoppyAppTests.m */,
				9D5EDE6517FB4386008EB372 /* Supporting Files */,
			);
			path = PoppyAppTests;
			sourceTree = "<group>";
		};
		9D5EDE6517FB4386008EB372 /* Supporting Files */ = {
			isa = PBXGroup;
			children = (
				9D5EDE6617FB4386008EB372 /* PoppyAppTests-Info.plist */,
				9D5EDE6717FB4386008EB372 /* InfoPlist.strings */,
			);
			name = "Supporting Files";
			sourceTree = "<group>";
		};
/* End PBXGroup section */

/* Begin PBXNativeTarget section */
		9D5EDE4117FB4386008EB372 /* Poppy */ = {
			isa = PBXNativeTarget;
			buildConfigurationList = 9D5EDE6E17FB4386008EB372 /* Build configuration list for PBXNativeTarget "Poppy" */;
			buildPhases = (
				9D5EDE3E17FB4386008EB372 /* Sources */,
				9D5EDE3F17FB4386008EB372 /* Frameworks */,
				9D5EDE4017FB4386008EB372 /* Resources */,
			);
			buildRules = (
			);
			dependencies = (
			);
			name = Poppy;
			productName = PoppyApp;
			productReference = 9D5EDE4217FB4386008EB372 /* Poppy.app */;
			productType = "com.apple.product-type.application";
		};
		9D5EDE5C17FB4386008EB372 /* PoppyTests */ = {
			isa = PBXNativeTarget;
			buildConfigurationList = 9D5EDE7117FB4386008EB372 /* Build configuration list for PBXNativeTarget "PoppyTests" */;
			buildPhases = (
				9D5EDE5917FB4386008EB372 /* Sources */,
				9D5EDE5A17FB4386008EB372 /* Frameworks */,
				9D5EDE5B17FB4386008EB372 /* Resources */,
			);
			buildRules = (
			);
			dependencies = (
				9D5EDE6317FB4386008EB372 /* PBXTargetDependency */,
			);
			name = PoppyTests;
			productName = PoppyAppTests;
			productReference = 9D5EDE5D17FB4386008EB372 /* PoppyTests.xctest */;
			productType = "com.apple.product-type.bundle.unit-test";
		};
/* End PBXNativeTarget section */

/* Begin PBXProject section */
		9D5EDE3A17FB4386008EB372 /* Project object */ = {
			isa = PBXProject;
			attributes = {
				LastUpgradeCheck = 0500;
				ORGANIZATIONNAME = "Ethan Lowry";
				TargetAttributes = {
					9D5EDE4117FB4386008EB372 = {
						DevelopmentTeam = TDD7PUZN8B;
					};
					9D5EDE5C17FB4386008EB372 = {
						TestTargetID = 9D5EDE4117FB4386008EB372;
					};
				};
			};
			buildConfigurationList = 9D5EDE3D17FB4386008EB372 /* Build configuration list for PBXProject "Poppy" */;
			compatibilityVersion = "Xcode 3.2";
			developmentRegion = English;
			hasScannedForEncodings = 0;
			knownRegions = (
				en,
			);
			mainGroup = 9D5EDE3917FB4385008EB372;
			productRefGroup = 9D5EDE4317FB4386008EB372 /* Products */;
			projectDirPath = "";
			projectRoot = "";
			targets = (
				9D5EDE4117FB4386008EB372 /* Poppy */,
				9D5EDE5C17FB4386008EB372 /* PoppyTests */,
			);
		};
/* End PBXProject section */

/* Begin PBXResourcesBuildPhase section */
		9D5EDE4017FB4386008EB372 /* Resources */ = {
			isa = PBXResourcesBuildPhase;
			buildActionMask = 2147483647;
			files = (
				9DFCB15B18297DB000332D7C /* beep.wav in Resources */,
				9DAB3D0318BD7E7600EDFB98 /* WiggleViewController.xib in Resources */,
				9DE57704185672AB0048A6D6 /* twist@2x.png in Resources */,
				9DFCB163182ACA4300332D7C /* Default-568h@2x.png in Resources */,
				9D5EE03E17FB6572008EB372 /* LiveView.xib in Resources */,
				9DFA6302182AECB400F1B262 /* Icon-Small@2x.png in Resources */,
				9DF96D5E1887B6C900EB6B7B /* is_favorite@2x.png in Resources */,
				9D8FC07B184D53C8007D0D53 /* AppIcon57x57.png in Resources */,
				9DFA6303182AECB400F1B262 /* Icon.png in Resources */,
				9D5EDE5017FB4386008EB372 /* InfoPlist.strings in Resources */,
				9DAB3CFE18BD702E00EDFB98 /* PortraitViewerViewController.xib in Resources */,
				9D62B8AA1893223500203FE9 /* backgroundP@2x.png in Resources */,
				9D48369C18B5807A00796217 /* DeviceSettings in Resources */,
				9DFA62FA182AE68400F1B262 /* Default@2x.png in Resources */,
				9DE5770A185681A20048A6D6 /* screencontrols@2x.png in Resources */,
				9DF96D761889EDA400EB6B7B /* trash@2x.png in Resources */,
				9DE5770218566D2C0048A6D6 /* adapter@2x.png in Resources */,
				9D2E49C21884991F00D9871F /* logo_white@2x.png in Resources */,
				9DF96D651888A8B000EB6B7B /* twitter@2x.png in Resources */,
				9DFCB15E182983FC00332D7C /* shutterPressed@2x.png in Resources */,
				9DFCB15F182983FC00332D7C /* shutter@2x.png in Resources */,
				9DD59E3D18BFF3A60097E23B /* sharing@2x.png in Resources */,
				9DE57700185667DC0048A6D6 /* logo@2x.png in Resources */,
				9D10BC69182B0313008C8D1C /* AppIcon40x40@2x.png in Resources */,
				9DF96D4B1884F2E500EB6B7B /* flicktweet@2x.png in Resources */,
				9D48364218B577D700796217 /* saving-icon@2x.png in Resources */,
				9D55929F18CA4B3A003CE539 /* PortraitGalleryViewController.xib in Resources */,
				9DE576E7184FE5930048A6D6 /* focus@2x.png in Resources */,
				9D8FC077184D5107007D0D53 /* AppIcon57x57@2x.png in Resources */,
				9DF96D7F188A10DA00EB6B7B /* shutter_video@2x.png in Resources */,
				9DE57712185EB2F50048A6D6 /* gallery@2x.png in Resources */,
				9DF96D8A188F37CE00EB6B7B /* bullet@2x.png in Resources */,
				9DF96D4F1884F5B300EB6B7B /* favorite@2x.png in Resources */,
				9D761EE118242A94005412AC /* record@2x.png in Resources */,
				9DFA6301182AECB400F1B262 /* Icon-Small.png in Resources */,
				9DE5770C185786B70048A6D6 /* screencontrolscamera@2x.png in Resources */,
				9D10BC6B182B0313008C8D1C /* AppIcon60x60@2x.png in Resources */,
				9DAB3CF918BD5B2900EDFB98 /* UpgradeViewController.xib in Resources */,
				9D48364118B577D700796217 /* saving-icon.png in Resources */,
				9DF96D58188724E700EB6B7B /* delete@2x.png in Resources */,
				9DF96D541885DDA100EB6B7B /* home@2x.png in Resources */,
				9DF96D621888A87600EB6B7B /* question@2x.png in Resources */,
				9DE576F81853DCEB0048A6D6 /* arrow-left@2x.png in Resources */,
				9D10BC66182B0313008C8D1C /* AppIcon29x29.png in Resources */,
				9DF96D6F1888BA6600EB6B7B /* video@2x.png in Resources */,
				9DFA62F9182AE68400F1B262 /* Default.png in Resources */,
				9D10BC67182B0313008C8D1C /* AppIcon29x29@2x.png in Resources */,
				9DF96D751889EDA400EB6B7B /* flag@2x.png in Resources */,
				9DE576F91853DCEB0048A6D6 /* arrow-right@2x.png in Resources */,
				9DF96D601888A66000EB6B7B /* cog@2x.png in Resources */,
				9D5EDE5817FB4386008EB372 /* Images.xcassets in Resources */,
				9D48369318B578A800796217 /* PODRecordViewController.xib in Resources */,
				9D99EF2618777AD2002D9B14 /* listArrow@2x.png in Resources */,
				9DFA6304182AECB400F1B262 /* Icon@2x.png in Resources */,
				9DFCB1531828764400332D7C /* camera@2x.png in Resources */,
				9DF96D7C188A0FFD00EB6B7B /* shutter_recording@2x.png in Resources */,
				9DD59E3B18BFC1230097E23B /* video-toggle@2x.png in Resources */,
				9DE576EF18510EF20048A6D6 /* Settings.bundle in Resources */,
				9DF96D86188F127700EB6B7B /* background@2x.png in Resources */,
				9DD59E3A18BFC1230097E23B /* camera-toggle@2x.png in Resources */,
				9D10BC68182B0313008C8D1C /* AppIcon40x40.png in Resources */,
				9DE57706185679140048A6D6 /* thumbs@2x.png in Resources */,
				9DF96D88188F130F00EB6B7B /* flickr@2x.png in Resources */,
				9DFCB1611829C68200332D7C /* play@2x.png in Resources */,
				9D48365E18B5781700796217 /* PODCalibrateViewController.xib in Resources */,
				9D10BC6A182B0313008C8D1C /* AppIcon60x60.png in Resources */,
			);
			runOnlyForDeploymentPostprocessing = 0;
		};
		9D5EDE5B17FB4386008EB372 /* Resources */ = {
			isa = PBXResourcesBuildPhase;
			buildActionMask = 2147483647;
			files = (
				9D5EDE6917FB4386008EB372 /* InfoPlist.strings in Resources */,
			);
			runOnlyForDeploymentPostprocessing = 0;
		};
/* End PBXResourcesBuildPhase section */

/* Begin PBXSourcesBuildPhase section */
		9D5EDE3E17FB4386008EB372 /* Sources */ = {
			isa = PBXSourcesBuildPhase;
			buildActionMask = 2147483647;
			files = (
				9D55929E18CA4B3A003CE539 /* PortraitGalleryViewController.m in Sources */,
				9D48365D18B5781700796217 /* PODCalibrateViewController.m in Sources */,
				9D48366318B5781700796217 /* PODFilterChainSettings.m in Sources */,
				9D48368818B578A800796217 /* AVCaptureDeviceFormat+TCMAVCaptureDeviceFormatAdditions.m in Sources */,
				9D48368718B578A800796217 /* RBVolumeButtons.m in Sources */,
				9D48366218B5781700796217 /* PODDeviceSettings.m in Sources */,
				9D5EDE5617FB4386008EB372 /* AppDelegate.m in Sources */,
				9D48363B18B427F600796217 /* ViewerViewController.m in Sources */,
				9D5EDE5217FB4386008EB372 /* main.m in Sources */,
				9D48368D18B578A800796217 /* PODCaptureControlsView.m in Sources */,
				9D48368A18B578A800796217 /* TCMCALayerAdditions.m in Sources */,
				9DF96D8D188F4CF600EB6B7B /* UpgradeViewController.m in Sources */,
				9D48369218B578A800796217 /* PODRecordViewController.m in Sources */,
				9D48368918B578A800796217 /* NSOperationQueue+TCMAdditions.m in Sources */,
				9D48365F18B5781700796217 /* PODCameraSettings.m in Sources */,
				9D48368C18B578A800796217 /* PODAssetsManager.m in Sources */,
				9D48369818B578A800796217 /* TCMCaptureManager.m in Sources */,
				9D48363818B426E400796217 /* HomeViewController.m in Sources */,
				9D48368B18B578A800796217 /* TCMCGGeometryAdditions.m in Sources */,
				9D99EF22187744BC002D9B14 /* GalleryViewController.m in Sources */,
				9DAB3CFD18BD702E00EDFB98 /* PortraitViewerViewController.m in Sources */,
				9D48368E18B578A800796217 /* PODDeviceSettingsManager.m in Sources */,
				9D48368F18B578A800796217 /* PODFilterFactory.m in Sources */,
				9DE576FC1853F13A0048A6D6 /* WelcomeViewController.m in Sources */,
				9DAB3D0218BD7E7600EDFB98 /* WiggleViewController.m in Sources */,
				9DAB3D0B18BEA46800EDFB98 /* UIImage+Resize.m in Sources */,
			);
			runOnlyForDeploymentPostprocessing = 0;
		};
		9D5EDE5917FB4386008EB372 /* Sources */ = {
			isa = PBXSourcesBuildPhase;
			buildActionMask = 2147483647;
			files = (
				9D5EDE6B17FB4386008EB372 /* PoppyAppTests.m in Sources */,
			);
			runOnlyForDeploymentPostprocessing = 0;
		};
/* End PBXSourcesBuildPhase section */

/* Begin PBXTargetDependency section */
		9D5EDE6317FB4386008EB372 /* PBXTargetDependency */ = {
			isa = PBXTargetDependency;
			target = 9D5EDE4117FB4386008EB372 /* Poppy */;
			targetProxy = 9D5EDE6217FB4386008EB372 /* PBXContainerItemProxy */;
		};
/* End PBXTargetDependency section */

/* Begin PBXVariantGroup section */
		9D5EDE4E17FB4386008EB372 /* InfoPlist.strings */ = {
			isa = PBXVariantGroup;
			children = (
				9D5EDE4F17FB4386008EB372 /* en */,
			);
			name = InfoPlist.strings;
			sourceTree = "<group>";
		};
		9D5EDE6717FB4386008EB372 /* InfoPlist.strings */ = {
			isa = PBXVariantGroup;
			children = (
				9D5EDE6817FB4386008EB372 /* en */,
			);
			name = InfoPlist.strings;
			sourceTree = "<group>";
		};
/* End PBXVariantGroup section */

/* Begin XCBuildConfiguration section */
		9D5EDE6C17FB4386008EB372 /* Debug */ = {
			isa = XCBuildConfiguration;
			buildSettings = {
				ALWAYS_SEARCH_USER_PATHS = NO;
				CLANG_CXX_LANGUAGE_STANDARD = "gnu++0x";
				CLANG_CXX_LIBRARY = "libc++";
				CLANG_ENABLE_MODULES = YES;
				CLANG_ENABLE_OBJC_ARC = YES;
				CLANG_WARN_BOOL_CONVERSION = YES;
				CLANG_WARN_CONSTANT_CONVERSION = YES;
				CLANG_WARN_DIRECT_OBJC_ISA_USAGE = YES_ERROR;
				CLANG_WARN_EMPTY_BODY = YES;
				CLANG_WARN_ENUM_CONVERSION = YES;
				CLANG_WARN_INT_CONVERSION = YES;
				CLANG_WARN_OBJC_ROOT_CLASS = YES_ERROR;
				CLANG_WARN__DUPLICATE_METHOD_MATCH = YES;
				"CODE_SIGN_IDENTITY[sdk=iphoneos*]" = "iPhone Developer";
				COPY_PHASE_STRIP = NO;
				GCC_C_LANGUAGE_STANDARD = gnu99;
				GCC_DYNAMIC_NO_PIC = NO;
				GCC_OPTIMIZATION_LEVEL = 0;
				GCC_PREPROCESSOR_DEFINITIONS = (
					"DEBUG=1",
					"$(inherited)",
				);
				GCC_SYMBOLS_PRIVATE_EXTERN = NO;
				GCC_WARN_ABOUT_RETURN_TYPE = YES_ERROR;
				GCC_WARN_UNDECLARED_SELECTOR = YES;
				GCC_WARN_UNINITIALIZED_AUTOS = YES;
				GCC_WARN_UNUSED_FUNCTION = YES;
				GCC_WARN_UNUSED_VARIABLE = YES;
				IPHONEOS_DEPLOYMENT_TARGET = 7.0;
				ONLY_ACTIVE_ARCH = YES;
				SDKROOT = iphoneos;
			};
			name = Debug;
		};
		9D5EDE6D17FB4386008EB372 /* Release */ = {
			isa = XCBuildConfiguration;
			buildSettings = {
				ALWAYS_SEARCH_USER_PATHS = NO;
				CLANG_CXX_LANGUAGE_STANDARD = "gnu++0x";
				CLANG_CXX_LIBRARY = "libc++";
				CLANG_ENABLE_MODULES = YES;
				CLANG_ENABLE_OBJC_ARC = YES;
				CLANG_WARN_BOOL_CONVERSION = YES;
				CLANG_WARN_CONSTANT_CONVERSION = YES;
				CLANG_WARN_DIRECT_OBJC_ISA_USAGE = YES_ERROR;
				CLANG_WARN_EMPTY_BODY = YES;
				CLANG_WARN_ENUM_CONVERSION = YES;
				CLANG_WARN_INT_CONVERSION = YES;
				CLANG_WARN_OBJC_ROOT_CLASS = YES_ERROR;
				CLANG_WARN__DUPLICATE_METHOD_MATCH = YES;
				"CODE_SIGN_IDENTITY[sdk=iphoneos*]" = "iPhone Developer";
				COPY_PHASE_STRIP = YES;
				ENABLE_NS_ASSERTIONS = NO;
				GCC_C_LANGUAGE_STANDARD = gnu99;
				GCC_WARN_ABOUT_RETURN_TYPE = YES_ERROR;
				GCC_WARN_UNDECLARED_SELECTOR = YES;
				GCC_WARN_UNINITIALIZED_AUTOS = YES;
				GCC_WARN_UNUSED_FUNCTION = YES;
				GCC_WARN_UNUSED_VARIABLE = YES;
				IPHONEOS_DEPLOYMENT_TARGET = 7.0;
				SDKROOT = iphoneos;
				VALIDATE_PRODUCT = YES;
			};
			name = Release;
		};
		9D5EDE6F17FB4386008EB372 /* Debug */ = {
			isa = XCBuildConfiguration;
			buildSettings = {
				ASSETCATALOG_COMPILER_APPICON_NAME = AppIcon;
				CODE_SIGN_IDENTITY = "iPhone Distribution";
				"CODE_SIGN_IDENTITY[sdk=iphoneos*]" = "";
				GCC_PRECOMPILE_PREFIX_HEADER = YES;
				GCC_PREFIX_HEADER = "PoppyApp/Poppy-Prefix.pch";
				HEADER_SEARCH_PATHS = (
					"./framework/Source/**",
					"$(inherited)/**",
				);
				INFOPLIST_FILE = "PoppyApp/Poppy-Info.plist";
				IPHONEOS_DEPLOYMENT_TARGET = 7.0;
				LIBRARY_SEARCH_PATHS = (
					"$(inherited)",
					"./**",
					/Users/ethanlowry/Development/poppy/PoppyApp,
				);
				OTHER_LDFLAGS = "-ObjC";
				PRODUCT_NAME = Poppy;
				PROVISIONING_PROFILE = "B9342E34-5B54-43D0-8B54-9F0602308455";
				WRAPPER_EXTENSION = app;
			};
			name = Debug;
		};
		9D5EDE7017FB4386008EB372 /* Release */ = {
			isa = XCBuildConfiguration;
			buildSettings = {
				ASSETCATALOG_COMPILER_APPICON_NAME = AppIcon;
				CODE_SIGN_IDENTITY = "iPhone Distribution";
				"CODE_SIGN_IDENTITY[sdk=iphoneos*]" = "";
				GCC_PRECOMPILE_PREFIX_HEADER = YES;
				GCC_PREFIX_HEADER = "PoppyApp/Poppy-Prefix.pch";
				HEADER_SEARCH_PATHS = (
					"./framework/Source/**",
					"$(inherited)/**",
				);
				INFOPLIST_FILE = "PoppyApp/Poppy-Info.plist";
				IPHONEOS_DEPLOYMENT_TARGET = 7.0;
				LIBRARY_SEARCH_PATHS = (
					"$(inherited)",
					"./**",
					/Users/ethanlowry/Development/poppy/PoppyApp,
				);
				OTHER_LDFLAGS = "-ObjC";
				PRODUCT_NAME = Poppy;
				PROVISIONING_PROFILE = "E1A876E8-1617-4EAD-9066-C7414578D4A4";
				WRAPPER_EXTENSION = app;
			};
			name = Release;
		};
		9D5EDE7217FB4386008EB372 /* Debug */ = {
			isa = XCBuildConfiguration;
			buildSettings = {
				BUNDLE_LOADER = "$(BUILT_PRODUCTS_DIR)/PoppyApp.app/PoppyApp";
				FRAMEWORK_SEARCH_PATHS = (
					"$(SDKROOT)/Developer/Library/Frameworks",
					"$(inherited)",
					"$(DEVELOPER_FRAMEWORKS_DIR)",
				);
				GCC_PRECOMPILE_PREFIX_HEADER = YES;
				GCC_PREFIX_HEADER = "PoppyApp/PoppyApp-Prefix.pch";
				GCC_PREPROCESSOR_DEFINITIONS = (
					"DEBUG=1",
					"$(inherited)",
				);
				INFOPLIST_FILE = "PoppyAppTests/PoppyAppTests-Info.plist";
				PRODUCT_NAME = PoppyTests;
				TEST_HOST = "$(BUNDLE_LOADER)";
				WRAPPER_EXTENSION = xctest;
			};
			name = Debug;
		};
		9D5EDE7317FB4386008EB372 /* Release */ = {
			isa = XCBuildConfiguration;
			buildSettings = {
				BUNDLE_LOADER = "$(BUILT_PRODUCTS_DIR)/PoppyApp.app/PoppyApp";
				FRAMEWORK_SEARCH_PATHS = (
					"$(SDKROOT)/Developer/Library/Frameworks",
					"$(inherited)",
					"$(DEVELOPER_FRAMEWORKS_DIR)",
				);
				GCC_PRECOMPILE_PREFIX_HEADER = YES;
				GCC_PREFIX_HEADER = "PoppyApp/PoppyApp-Prefix.pch";
				INFOPLIST_FILE = "PoppyAppTests/PoppyAppTests-Info.plist";
				PRODUCT_NAME = PoppyTests;
				TEST_HOST = "$(BUNDLE_LOADER)";
				WRAPPER_EXTENSION = xctest;
			};
			name = Release;
		};
/* End XCBuildConfiguration section */

/* Begin XCConfigurationList section */
		9D5EDE3D17FB4386008EB372 /* Build configuration list for PBXProject "Poppy" */ = {
			isa = XCConfigurationList;
			buildConfigurations = (
				9D5EDE6C17FB4386008EB372 /* Debug */,
				9D5EDE6D17FB4386008EB372 /* Release */,
			);
			defaultConfigurationIsVisible = 0;
			defaultConfigurationName = Release;
		};
		9D5EDE6E17FB4386008EB372 /* Build configuration list for PBXNativeTarget "Poppy" */ = {
			isa = XCConfigurationList;
			buildConfigurations = (
				9D5EDE6F17FB4386008EB372 /* Debug */,
				9D5EDE7017FB4386008EB372 /* Release */,
			);
			defaultConfigurationIsVisible = 0;
			defaultConfigurationName = Release;
		};
		9D5EDE7117FB4386008EB372 /* Build configuration list for PBXNativeTarget "PoppyTests" */ = {
			isa = XCConfigurationList;
			buildConfigurations = (
				9D5EDE7217FB4386008EB372 /* Debug */,
				9D5EDE7317FB4386008EB372 /* Release */,
			);
			defaultConfigurationIsVisible = 0;
			defaultConfigurationName = Release;
		};
/* End XCConfigurationList section */
	};
	rootObject = 9D5EDE3A17FB4386008EB372 /* Project object */;
}
